// !$*UTF8*$!
{
	archiveVersion = 1;
	classes = {
	};
	objectVersion = 50;
	objects = {

/* Begin PBXBuildFile section */
		8F8C1BE824B4B61800E8EBD8 /* AppDelegate.swift in Sources */ = {isa = PBXBuildFile; fileRef = 8F8C1BE724B4B61800E8EBD8 /* AppDelegate.swift */; };
		8F8C1BEA24B4B61800E8EBD8 /* SceneDelegate.swift in Sources */ = {isa = PBXBuildFile; fileRef = 8F8C1BE924B4B61800E8EBD8 /* SceneDelegate.swift */; };
		8F8C1BEC24B4B61800E8EBD8 /* ViewController.swift in Sources */ = {isa = PBXBuildFile; fileRef = 8F8C1BEB24B4B61800E8EBD8 /* ViewController.swift */; };
		8F8C1BEF24B4B61900E8EBD8 /* Main.storyboard in Resources */ = {isa = PBXBuildFile; fileRef = 8F8C1BED24B4B61900E8EBD8 /* Main.storyboard */; };
		8F8C1BF124B4B62500E8EBD8 /* Assets.xcassets in Resources */ = {isa = PBXBuildFile; fileRef = 8F8C1BF024B4B62500E8EBD8 /* Assets.xcassets */; };
		8F8C1BF424B4B62500E8EBD8 /* LaunchScreen.storyboard in Resources */ = {isa = PBXBuildFile; fileRef = 8F8C1BF224B4B62500E8EBD8 /* LaunchScreen.storyboard */; };
/* End PBXBuildFile section */

/* Begin PBXFileReference section */
		8F8C1BE424B4B61800E8EBD8 /* NHS.app */ = {isa = PBXFileReference; explicitFileType = wrapper.application; includeInIndex = 0; path = NHS.app; sourceTree = BUILT_PRODUCTS_DIR; };
		8F8C1BE724B4B61800E8EBD8 /* AppDelegate.swift */ = {isa = PBXFileReference; lastKnownFileType = sourcecode.swift; path = AppDelegate.swift; sourceTree = "<group>"; };
		8F8C1BE924B4B61800E8EBD8 /* SceneDelegate.swift */ = {isa = PBXFileReference; lastKnownFileType = sourcecode.swift; path = SceneDelegate.swift; sourceTree = "<group>"; };
		8F8C1BEB24B4B61800E8EBD8 /* ViewController.swift */ = {isa = PBXFileReference; lastKnownFileType = sourcecode.swift; path = ViewController.swift; sourceTree = "<group>"; };
		8F8C1BEE24B4B61900E8EBD8 /* Base */ = {isa = PBXFileReference; lastKnownFileType = file.storyboard; name = Base; path = Base.lproj/Main.storyboard; sourceTree = "<group>"; };
		8F8C1BF024B4B62500E8EBD8 /* Assets.xcassets */ = {isa = PBXFileReference; lastKnownFileType = folder.assetcatalog; path = Assets.xcassets; sourceTree = "<group>"; };
		8F8C1BF324B4B62500E8EBD8 /* Base */ = {isa = PBXFileReference; lastKnownFileType = file.storyboard; name = Base; path = Base.lproj/LaunchScreen.storyboard; sourceTree = "<group>"; };
		8F8C1BF524B4B62500E8EBD8 /* Info.plist */ = {isa = PBXFileReference; lastKnownFileType = text.plist.xml; path = Info.plist; sourceTree = "<group>"; };
/* End PBXFileReference section */

/* Begin PBXFrameworksBuildPhase section */
		8F8C1BE124B4B61800E8EBD8 /* Frameworks */ = {
			isa = PBXFrameworksBuildPhase;
			buildActionMask = 2147483647;
			files = (
			);
			runOnlyForDeploymentPostprocessing = 0;
		};
/* End PBXFrameworksBuildPhase section */

/* Begin PBXGroup section */
		8F8C1BDB24B4B61800E8EBD8 = {
			isa = PBXGroup;
			children = (
				8F8C1BE624B4B61800E8EBD8 /* NHS */,
				8F8C1BE524B4B61800E8EBD8 /* Products */,
			);
			sourceTree = "<group>";
		};
		8F8C1BE524B4B61800E8EBD8 /* Products */ = {
			isa = PBXGroup;
			children = (
				8F8C1BE424B4B61800E8EBD8 /* NHS.app */,
			);
			name = Products;
			sourceTree = "<group>";
		};
		8F8C1BE624B4B61800E8EBD8 /* NHS */ = {
			isa = PBXGroup;
			children = (
				8F8C1BE724B4B61800E8EBD8 /* AppDelegate.swift */,
				8F8C1BE924B4B61800E8EBD8 /* SceneDelegate.swift */,
				8F8C1BEB24B4B61800E8EBD8 /* ViewController.swift */,
				8F8C1BED24B4B61900E8EBD8 /* Main.storyboard */,
				8F8C1BF024B4B62500E8EBD8 /* Assets.xcassets */,
				8F8C1BF224B4B62500E8EBD8 /* LaunchScreen.storyboard */,
				8F8C1BF524B4B62500E8EBD8 /* Info.plist */,
			);
			path = NHS;
			sourceTree = "<group>";
		};
/* End PBXGroup section */

/* Begin PBXNativeTarget section */
		8F8C1BE324B4B61800E8EBD8 /* NHS */ = {
			isa = PBXNativeTarget;
			buildConfigurationList = 8F8C1BF824B4B62500E8EBD8 /* Build configuration list for PBXNativeTarget "NHS" */;
			buildPhases = (
				8F8C1BE024B4B61800E8EBD8 /* Sources */,
				8F8C1BE124B4B61800E8EBD8 /* Frameworks */,
				8F8C1BE224B4B61800E8EBD8 /* Resources */,
			);
			buildRules = (
			);
			dependencies = (
			);
			name = NHS;
			productName = NHS;
			productReference = 8F8C1BE424B4B61800E8EBD8 /* NHS.app */;
			productType = "com.apple.product-type.application";
		};
/* End PBXNativeTarget section */

/* Begin PBXProject section */
		8F8C1BDC24B4B61800E8EBD8 /* Project object */ = {
			isa = PBXProject;
			attributes = {
				LastSwiftUpdateCheck = 1150;
				LastUpgradeCheck = 1150;
				ORGANIZATIONNAME = "Benedict Ng-Wai";
				TargetAttributes = {
					8F8C1BE324B4B61800E8EBD8 = {
						CreatedOnToolsVersion = 11.5;
					};
				};
			};
			buildConfigurationList = 8F8C1BDF24B4B61800E8EBD8 /* Build configuration list for PBXProject "NHS" */;
			compatibilityVersion = "Xcode 9.3";
			developmentRegion = en;
			hasScannedForEncodings = 0;
			knownRegions = (
				en,
				Base,
			);
			mainGroup = 8F8C1BDB24B4B61800E8EBD8;
			productRefGroup = 8F8C1BE524B4B61800E8EBD8 /* Products */;
			projectDirPath = "";
			projectRoot = "";
			targets = (
				8F8C1BE324B4B61800E8EBD8 /* NHS */,
			);
		};
/* End PBXProject section */

/* Begin PBXResourcesBuildPhase section */
		8F8C1BE224B4B61800E8EBD8 /* Resources */ = {
			isa = PBXResourcesBuildPhase;
			buildActionMask = 2147483647;
			files = (
				8F8C1BF424B4B62500E8EBD8 /* LaunchScreen.storyboard in Resources */,
				8F8C1BF124B4B62500E8EBD8 /* Assets.xcassets in Resources */,
				8F8C1BEF24B4B61900E8EBD8 /* Main.storyboard in Resources */,
			);
			runOnlyForDeploymentPostprocessing = 0;
		};
/* End PBXResourcesBuildPhase section */

/* Begin PBXSourcesBuildPhase section */
		8F8C1BE024B4B61800E8EBD8 /* Sources */ = {
			isa = PBXSourcesBuildPhase;
			buildActionMask = 2147483647;
			files = (
				8F8C1BEC24B4B61800E8EBD8 /* ViewController.swift in Sources */,
				8F8C1BE824B4B61800E8EBD8 /* AppDelegate.swift in Sources */,
				8F8C1BEA24B4B61800E8EBD8 /* SceneDelegate.swift in Sources */,
			);
			runOnlyForDeploymentPostprocessing = 0;
		};
/* End PBXSourcesBuildPhase section */

/* Begin PBXVariantGroup section */
		8F8C1BED24B4B61900E8EBD8 /* Main.storyboard */ = {
			isa = PBXVariantGroup;
			children = (
				8F8C1BEE24B4B61900E8EBD8 /* Base */,
			);
			name = Main.storyboard;
			sourceTree = "<group>";
		};
		8F8C1BF224B4B62500E8EBD8 /* LaunchScreen.storyboard */ = {
			isa = PBXVariantGroup;
			children = (
				8F8C1BF324B4B62500E8EBD8 /* Base */,
			);
			name = LaunchScreen.storyboard;
			sourceTree = "<group>";
		};
/* End PBXVariantGroup section */

/* Begin XCBuildConfiguration section */
		8F8C1BF624B4B62500E8EBD8 /* Debug */ = {
			isa = XCBuildConfiguration;
			buildSettings = {
				ALWAYS_SEARCH_USER_PATHS = NO;
				CLANG_ANALYZER_NONNULL = YES;
				CLANG_ANALYZER_NUMBER_OBJECT_CONVERSION = YES_AGGRESSIVE;
				CLANG_CXX_LANGUAGE_STANDARD = "gnu++14";
				CLANG_CXX_LIBRARY = "libc++";
				CLANG_ENABLE_MODULES = YES;
				CLANG_ENABLE_OBJC_ARC = YES;
				CLANG_ENABLE_OBJC_WEAK = YES;
				CLANG_WARN_BLOCK_CAPTURE_AUTORELEASING = YES;
				CLANG_WARN_BOOL_CONVERSION = YES;
				CLANG_WARN_COMMA = YES;
				CLANG_WARN_CONSTANT_CONVERSION = YES;
				CLANG_WARN_DEPRECATED_OBJC_IMPLEMENTATIONS = YES;
				CLANG_WARN_DIRECT_OBJC_ISA_USAGE = YES_ERROR;
				CLANG_WARN_DOCUMENTATION_COMMENTS = YES;
				CLANG_WARN_EMPTY_BODY = YES;
				CLANG_WARN_ENUM_CONVERSION = YES;
				CLANG_WARN_INFINITE_RECURSION = YES;
				CLANG_WARN_INT_CONVERSION = YES;
				CLANG_WARN_NON_LITERAL_NULL_CONVERSION = YES;
				CLANG_WARN_OBJC_IMPLICIT_RETAIN_SELF = YES;
				CLANG_WARN_OBJC_LITERAL_CONVERSION = YES;
				CLANG_WARN_OBJC_ROOT_CLASS = YES_ERROR;
				CLANG_WARN_RANGE_LOOP_ANALYSIS = YES;
				CLANG_WARN_STRICT_PROTOTYPES = YES;
				CLANG_WARN_SUSPICIOUS_MOVE = YES;
				CLANG_WARN_UNGUARDED_AVAILABILITY = YES_AGGRESSIVE;
				CLANG_WARN_UNREACHABLE_CODE = YES;
				CLANG_WARN__DUPLICATE_METHOD_MATCH = YES;
				COPY_PHASE_STRIP = NO;
				DEBUG_INFORMATION_FORMAT = dwarf;
				ENABLE_STRICT_OBJC_MSGSEND = YES;
				ENABLE_TESTABILITY = YES;
				GCC_C_LANGUAGE_STANDARD = gnu11;
				GCC_DYNAMIC_NO_PIC = NO;
				GCC_NO_COMMON_BLOCKS = YES;
				GCC_OPTIMIZATION_LEVEL = 0;
				GCC_PREPROCESSOR_DEFINITIONS = (
					"DEBUG=1",
					"$(inherited)",
				);
				GCC_WARN_64_TO_32_BIT_CONVERSION = YES;
				GCC_WARN_ABOUT_RETURN_TYPE = YES_ERROR;
				GCC_WARN_UNDECLARED_SELECTOR = YES;
				GCC_WARN_UNINITIALIZED_AUTOS = YES_AGGRESSIVE;
				GCC_WARN_UNUSED_FUNCTION = YES;
				GCC_WARN_UNUSED_VARIABLE = YES;
				IPHONEOS_DEPLOYMENT_TARGET = 13.5;
				MTL_ENABLE_DEBUG_INFO = INCLUDE_SOURCE;
				MTL_FAST_MATH = YES;
				ONLY_ACTIVE_ARCH = YES;
				SDKROOT = iphoneos;
				SWIFT_ACTIVE_COMPILATION_CONDITIONS = DEBUG;
				SWIFT_OPTIMIZATION_LEVEL = "-Onone";
			};
			name = Debug;
		};
		8F8C1BF724B4B62500E8EBD8 /* Release */ = {
			isa = XCBuildConfiguration;
			buildSettings = {
				ALWAYS_SEARCH_USER_PATHS = NO;
				CLANG_ANALYZER_NONNULL = YES;
				CLANG_ANALYZER_NUMBER_OBJECT_CONVERSION = YES_AGGRESSIVE;
				CLANG_CXX_LANGUAGE_STANDARD = "gnu++14";
				CLANG_CXX_LIBRARY = "libc++";
				CLANG_ENABLE_MODULES = YES;
				CLANG_ENABLE_OBJC_ARC = YES;
				CLANG_ENABLE_OBJC_WEAK = YES;
				CLANG_WARN_BLOCK_CAPTURE_AUTORELEASING = YES;
				CLANG_WARN_BOOL_CONVERSION = YES;
				CLANG_WARN_COMMA = YES;
				CLANG_WARN_CONSTANT_CONVERSION = YES;
				CLANG_WARN_DEPRECATED_OBJC_IMPLEMENTATIONS = YES;
				CLANG_WARN_DIRECT_OBJC_ISA_USAGE = YES_ERROR;
				CLANG_WARN_DOCUMENTATION_COMMENTS = YES;
				CLANG_WARN_EMPTY_BODY = YES;
				CLANG_WARN_ENUM_CONVERSION = YES;
				CLANG_WARN_INFINITE_RECURSION = YES;
				CLANG_WARN_INT_CONVERSION = YES;
				CLANG_WARN_NON_LITERAL_NULL_CONVERSION = YES;
				CLANG_WARN_OBJC_IMPLICIT_RETAIN_SELF = YES;
				CLANG_WARN_OBJC_LITERAL_CONVERSION = YES;
				CLANG_WARN_OBJC_ROOT_CLASS = YES_ERROR;
				CLANG_WARN_RANGE_LOOP_ANALYSIS = YES;
				CLANG_WARN_STRICT_PROTOTYPES = YES;
				CLANG_WARN_SUSPICIOUS_MOVE = YES;
				CLANG_WARN_UNGUARDED_AVAILABILITY = YES_AGGRESSIVE;
				CLANG_WARN_UNREACHABLE_CODE = YES;
				CLANG_WARN__DUPLICATE_METHOD_MATCH = YES;
				COPY_PHASE_STRIP = NO;
				DEBUG_INFORMATION_FORMAT = "dwarf-with-dsym";
				ENABLE_NS_ASSERTIONS = NO;
				ENABLE_STRICT_OBJC_MSGSEND = YES;
				GCC_C_LANGUAGE_STANDARD = gnu11;
				GCC_NO_COMMON_BLOCKS = YES;
				GCC_WARN_64_TO_32_BIT_CONVERSION = YES;
				GCC_WARN_ABOUT_RETURN_TYPE = YES_ERROR;
				GCC_WARN_UNDECLARED_SELECTOR = YES;
				GCC_WARN_UNINITIALIZED_AUTOS = YES_AGGRESSIVE;
				GCC_WARN_UNUSED_FUNCTION = YES;
				GCC_WARN_UNUSED_VARIABLE = YES;
				IPHONEOS_DEPLOYMENT_TARGET = 13.5;
				MTL_ENABLE_DEBUG_INFO = NO;
				MTL_FAST_MATH = YES;
				SDKROOT = iphoneos;
				SWIFT_COMPILATION_MODE = wholemodule;
				SWIFT_OPTIMIZATION_LEVEL = "-O";
				VALIDATE_PRODUCT = YES;
			};
			name = Release;
		};
		8F8C1BF924B4B62500E8EBD8 /* Debug */ = {
			isa = XCBuildConfiguration;
			buildSettings = {
				ASSETCATALOG_COMPILER_APPICON_NAME = AppIcon;
				CODE_SIGN_STYLE = Automatic;
				DEVELOPMENT_TEAM = 66B9HXUGUP;
				INFOPLIST_FILE = NHS/Info.plist;
				LD_RUNPATH_SEARCH_PATHS = (
					"$(inherited)",
					"@executable_path/Frameworks",
				);
				PRODUCT_BUNDLE_IDENTIFIER = com.benedict.ngwai.NHS;
				PRODUCT_NAME = "$(TARGET_NAME)";
				SWIFT_VERSION = 5.0;
				TARGETED_DEVICE_FAMILY = "1,2";
			};
			name = Debug;
		};
		8F8C1BFA24B4B62500E8EBD8 /* Release */ = {
			isa = XCBuildConfiguration;
			buildSettings = {
				ASSETCATALOG_COMPILER_APPICON_NAME = AppIcon;
				CODE_SIGN_STYLE = Automatic;
				DEVELOPMENT_TEAM = 66B9HXUGUP;
				INFOPLIST_FILE = NHS/Info.plist;
				LD_RUNPATH_SEARCH_PATHS = (
					"$(inherited)",
					"@executable_path/Frameworks",
				);
				PRODUCT_BUNDLE_IDENTIFIER = com.benedict.ngwai.NHS;
				PRODUCT_NAME = "$(TARGET_NAME)";
				SWIFT_VERSION = 5.0;
				TARGETED_DEVICE_FAMILY = "1,2";
			};
			name = Release;
		};
/* End XCBuildConfiguration section */

/* Begin XCConfigurationList section */
		8F8C1BDF24B4B61800E8EBD8 /* Build configuration list for PBXProject "NHS" */ = {
			isa = XCConfigurationList;
			buildConfigurations = (
				8F8C1BF624B4B62500E8EBD8 /* Debug */,
				8F8C1BF724B4B62500E8EBD8 /* Release */,
			);
			defaultConfigurationIsVisible = 0;
			defaultConfigurationName = Release;
		};
		8F8C1BF824B4B62500E8EBD8 /* Build configuration list for PBXNativeTarget "NHS" */ = {
			isa = XCConfigurationList;
			buildConfigurations = (
				8F8C1BF924B4B62500E8EBD8 /* Debug */,
				8F8C1BFA24B4B62500E8EBD8 /* Release */,
			);
			defaultConfigurationIsVisible = 0;
			defaultConfigurationName = Release;
		};
/* End XCConfigurationList section */
	};
	rootObject = 8F8C1BDC24B4B61800E8EBD8 /* Project object */;
}
